Microsoft Visual Studio Solution File, Format Version 8.00
Project("{8BC9CEB8-8B4A-11D0-8D11-00A0C91BC942}") = "A FusionEngine", "FusionEngine.vcproj", "{147F7B68-AC15-4C75-A374-DAD72029BE20}"
	ProjectSection(ProjectDependencies) = postProject
	EndProjectSection
EndProject
Project("{8BC9CEB8-8B4A-11D0-8D11-00A0C91BC942}") = "FusionCore", "FusionCore\FusionCore.vcproj", "{147F7B68-AC15-4C75-A374-DAD72029BE21}"
	ProjectSection(ProjectDependencies) = postProject
	EndProjectSection
EndProject
Project("{8BC9CEB8-8B4A-11D0-8D11-00A0C91BC942}") = "FusionUtil", "FusionUtil\FusionUtil.vcproj", "{147F7B68-AC15-4C75-A374-DAD72029BE22}"
	ProjectSection(ProjectDependencies) = postProject
	EndProjectSection
EndProject
Project("{8BC9CEB8-8B4A-11D0-8D11-00A0C91BC942}") = "Maths", "maths\maths.vcproj", "{147F7B68-AC15-4C75-A374-DAD72029BE23}"
	ProjectSection(ProjectDependencies) = postProject
	EndProjectSection
EndProject
Project("{8BC9CEB8-8B4A-11D0-8D11-00A0C91BC942}") = "VFSPlugin_3DS", "vfs\3ds\VFSPlugin_3DS.vcproj", "{147F7B68-AC15-4C75-A374-DAD72029BE24}"
	ProjectSection(ProjectDependencies) = postProject
	EndProjectSection
EndProject
Project("{8BC9CEB8-8B4A-11D0-8D11-00A0C91BC942}") = "VFSPlugin_JPEG", "vfs\jpeg\VFSPlugin_JPEG.vcproj", "{147F7B68-AC15-4C75-A374-DAD72029BE25}"
	ProjectSection(ProjectDependencies) = postProject
	EndProjectSection
EndProject
Project("{8BC9CEB8-8B4A-11D0-8D11-00A0C91BC942}") = "VFSPlugin_LWO", "vfs\lwo\VFSPlugin_LWO.vcproj", "{147F7B68-AC15-4C75-A374-DAD72029BE26}"
	ProjectSection(ProjectDependencies) = postProject
	EndProjectSection
EndProject
Project("{8BC9CEB8-8B4A-11D0-8D11-00A0C91BC942}") = "VFSPlugin_PCX", "vfs\pcx\VFSPlugin_PCX.vcproj", "{147F7B68-AC15-4C75-A374-DAD72029BE27}"
	ProjectSection(ProjectDependencies) = postProject
	EndProjectSection
EndProject
Project("{8BC9CEB8-8B4A-11D0-8D11-00A0C91BC942}") = "VFSPlugin_Q2BSP", "vfs\q2bsp\VFSPlugin_Q2BSP.vcproj", "{147F7B68-AC15-4C75-A374-DAD72029BE28}"
	ProjectSection(ProjectDependencies) = postProject
	EndProjectSection
EndProject
Project("{8BC9CEB8-8B4A-11D0-8D11-00A0C91BC942}") = "VFSPlugin_Q3BSP", "vfs\q3bsp\VFSPlugin_Q3BSP.vcproj", "{147F7B68-AC15-4C75-A374-DAD72029BE29}"
	ProjectSection(ProjectDependencies) = postProject
	EndProjectSection
EndProject
Project("{8BC9CEB8-8B4A-11D0-8D11-00A0C91BC942}") = "VFSPlugin_TGA", "vfs\tga\VFSPlugin_TGA.vcproj", "{147F7B68-AC15-4C75-A374-DAD72029BE2A}"
	ProjectSection(ProjectDependencies) = postProject
	EndProjectSection
EndProject
Project("{8BC9CEB8-8B4A-11D0-8D11-00A0C91BC942}") = "VFSPlugin_ZIP", "vfs\zip\VFSPlugin_ZIP.vcproj", "{147F7B68-AC15-4C75-A374-DAD72029BE2B}"
	ProjectSection(ProjectDependencies) = postProject
		{147F7B68-AC15-4C75-A374-DAD72029BE2F} = {147F7B68-AC15-4C75-A374-DAD72029BE2F}
		{147F7B68-AC15-4C75-A374-DAD72029BE30} = {147F7B68-AC15-4C75-A374-DAD72029BE30}
	EndProjectSection
EndProject
Project("{8BC9CEB8-8B4A-11D0-8D11-00A0C91BC942}") = "Graphics", "graphics\graphics.vcproj", "{147F7B68-AC15-4C75-A374-DAD72029BE2C}"
	ProjectSection(ProjectDependencies) = postProject
		{147F7B68-AC15-4C75-A374-DAD72029BE23} = {147F7B68-AC15-4C75-A374-DAD72029BE23}
	EndProjectSection
EndProject
Project("{8BC9CEB8-8B4A-11D0-8D11-00A0C91BC942}") = "VFS", "vfs\vfs.vcproj", "{147F7B68-AC15-4C75-A374-DAD72029BE2D}"
	ProjectSection(ProjectDependencies) = postProject
		{147F7B68-AC15-4C75-A374-DAD72029BE21} = {147F7B68-AC15-4C75-A374-DAD72029BE21}
		{147F7B68-AC15-4C75-A374-DAD72029BE30} = {147F7B68-AC15-4C75-A374-DAD72029BE30}
	EndProjectSection
EndProject
Project("{8BC9CEB8-8B4A-11D0-8D11-00A0C91BC942}") = "OGLGraphics", "graphics\opengl\oglgraphics.vcproj", "{147F7B68-AC15-4C75-A374-DAD72029BE2E}"
	ProjectSection(ProjectDependencies) = postProject
		{147F7B68-AC15-4C75-A374-DAD72029BE21} = {147F7B68-AC15-4C75-A374-DAD72029BE21}
		{147F7B68-AC15-4C75-A374-DAD72029BE2C} = {147F7B68-AC15-4C75-A374-DAD72029BE2C}
	EndProjectSection
EndProject
Project("{8BC9CEB8-8B4A-11D0-8D11-00A0C91BC942}") = "VFSPlugin_ZIP_static", "vfs\zip\VFSPlugin_ZIP_static.vcproj", "{147F7B68-AC15-4C75-A374-DAD72029BE2F}"
	ProjectSection(ProjectDependencies) = postProject
		{147F7B68-AC15-4C75-A374-DAD72029BE30} = {147F7B68-AC15-4C75-A374-DAD72029BE30}
	EndProjectSection
EndProject
Project("{8BC9CEB8-8B4A-11D0-8D11-00A0C91BC942}") = "VFS_Static", "vfs\VFS_static.vcproj", "{147F7B68-AC15-4C75-A374-DAD72029BE30}"
	ProjectSection(ProjectDependencies) = postProject
	EndProjectSection
EndProject
Project("{8BC9CEB8-8B4A-11D0-8D11-00A0C91BC942}") = "Input", "input\libInput.vcproj", "{6931C144-60EB-4B95-93BC-936DABB5FCF1}"
	ProjectSection(ProjectDependencies) = postProject
		{147F7B68-AC15-4C75-A374-DAD72029BE23} = {147F7B68-AC15-4C75-A374-DAD72029BE23}
	EndProjectSection
EndProject
Project("{8BC9CEB8-8B4A-11D0-8D11-00A0C91BC942}") = "DirectInput8", "input\DirectX\libDI8.vcproj", "{2C9E3856-1E22-4285-A1EA-90D55E852975}"
	ProjectSection(ProjectDependencies) = postProject
		{147F7B68-AC15-4C75-A374-DAD72029BE21} = {147F7B68-AC15-4C75-A374-DAD72029BE21}
	EndProjectSection
EndProject
Project("{8BC9CEB8-8B4A-11D0-8D11-00A0C91BC942}") = "fmod", "sound\fmod\fmod.vcproj", "{6A765FF2-B8B5-4376-91B0-80CE4999A9B8}"
	ProjectSection(ProjectDependencies) = postProject
		{147F7B68-AC15-4C75-A374-DAD72029BE21} = {147F7B68-AC15-4C75-A374-DAD72029BE21}
	EndProjectSection
EndProject
Project("{8BC9CEB8-8B4A-11D0-8D11-00A0C91BC942}") = "Win32Network", "network\win32\Win32Network.vcproj", "{EF034569-00EB-458E-809F-CE7715C5B07C}"
	ProjectSection(ProjectDependencies) = postProject
		{147F7B68-AC15-4C75-A374-DAD72029BE21} = {147F7B68-AC15-4C75-A374-DAD72029BE21}
	EndProjectSection
EndProject
Global
	GlobalSection(SolutionConfiguration) = preSolution
		Debug = Debug
		Release = Release
	EndGlobalSection
	GlobalSection(ProjectConfiguration) = postSolution
		{147F7B68-AC15-4C75-A374-DAD72029BE20}.Debug.ActiveCfg = Debug|Win32
		{147F7B68-AC15-4C75-A374-DAD72029BE20}.Debug.Build.0 = Debug|Win32
		{147F7B68-AC15-4C75-A374-DAD72029BE20}.Release.ActiveCfg = Release|Win32
		{147F7B68-AC15-4C75-A374-DAD72029BE20}.Release.Build.0 = Release|Win32
		{147F7B68-AC15-4C75-A374-DAD72029BE21}.Debug.ActiveCfg = Debug|Win32
		{147F7B68-AC15-4C75-A374-DAD72029BE21}.Debug.Build.0 = Debug|Win32
		{147F7B68-AC15-4C75-A374-DAD72029BE21}.Release.ActiveCfg = Release|Win32
		{147F7B68-AC15-4C75-A374-DAD72029BE21}.Release.Build.0 = Release|Win32
		{147F7B68-AC15-4C75-A374-DAD72029BE22}.Debug.ActiveCfg = Debug|Win32
		{147F7B68-AC15-4C75-A374-DAD72029BE22}.Debug.Build.0 = Debug|Win32
		{147F7B68-AC15-4C75-A374-DAD72029BE22}.Release.ActiveCfg = Release|Win32
		{147F7B68-AC15-4C75-A374-DAD72029BE22}.Release.Build.0 = Release|Win32
		{147F7B68-AC15-4C75-A374-DAD72029BE23}.Debug.ActiveCfg = Debug|Win32
		{147F7B68-AC15-4C75-A374-DAD72029BE23}.Debug.Build.0 = Debug|Win32
		{147F7B68-AC15-4C75-A374-DAD72029BE23}.Release.ActiveCfg = Release|Win32
		{147F7B68-AC15-4C75-A374-DAD72029BE23}.Release.Build.0 = Release|Win32
		{147F7B68-AC15-4C75-A374-DAD72029BE24}.Debug.ActiveCfg = Debug|Win32
		{147F7B68-AC15-4C75-A374-DAD72029BE24}.Debug.Build.0 = Debug|Win32
		{147F7B68-AC15-4C75-A374-DAD72029BE24}.Release.ActiveCfg = Release|Win32
		{147F7B68-AC15-4C75-A374-DAD72029BE24}.Release.Build.0 = Release|Win32
		{147F7B68-AC15-4C75-A374-DAD72029BE25}.Debug.ActiveCfg = Debug|Win32
		{147F7B68-AC15-4C75-A374-DAD72029BE25}.Debug.Build.0 = Debug|Win32
		{147F7B68-AC15-4C75-A374-DAD72029BE25}.Release.ActiveCfg = Release|Win32
		{147F7B68-AC15-4C75-A374-DAD72029BE25}.Release.Build.0 = Release|Win32
		{147F7B68-AC15-4C75-A374-DAD72029BE26}.Debug.ActiveCfg = Debug|Win32
		{147F7B68-AC15-4C75-A374-DAD72029BE26}.Debug.Build.0 = Debug|Win32
		{147F7B68-AC15-4C75-A374-DAD72029BE26}.Release.ActiveCfg = Release|Win32
		{147F7B68-AC15-4C75-A374-DAD72029BE26}.Release.Build.0 = Release|Win32
		{147F7B68-AC15-4C75-A374-DAD72029BE27}.Debug.ActiveCfg = Debug|Win32
		{147F7B68-AC15-4C75-A374-DAD72029BE27}.Debug.Build.0 = Debug|Win32
		{147F7B68-AC15-4C75-A374-DAD72029BE27}.Release.ActiveCfg = Release|Win32
		{147F7B68-AC15-4C75-A374-DAD72029BE27}.Release.Build.0 = Release|Win32
		{147F7B68-AC15-4C75-A374-DAD72029BE28}.Debug.ActiveCfg = Debug|Win32
		{147F7B68-AC15-4C75-A374-DAD72029BE28}.Debug.Build.0 = Debug|Win32
		{147F7B68-AC15-4C75-A374-DAD72029BE28}.Release.ActiveCfg = Release|Win32
		{147F7B68-AC15-4C75-A374-DAD72029BE28}.Release.Build.0 = Release|Win32
		{147F7B68-AC15-4C75-A374-DAD72029BE29}.Debug.ActiveCfg = Debug|Win32
		{147F7B68-AC15-4C75-A374-DAD72029BE29}.Debug.Build.0 = Debug|Win32
		{147F7B68-AC15-4C75-A374-DAD72029BE29}.Release.ActiveCfg = Release|Win32
		{147F7B68-AC15-4C75-A374-DAD72029BE29}.Release.Build.0 = Release|Win32
		{147F7B68-AC15-4C75-A374-DAD72029BE2A}.Debug.ActiveCfg = Debug|Win32
		{147F7B68-AC15-4C75-A374-DAD72029BE2A}.Debug.Build.0 = Debug|Win32
		{147F7B68-AC15-4C75-A374-DAD72029BE2A}.Release.ActiveCfg = Release|Win32
		{147F7B68-AC15-4C75-A374-DAD72029BE2A}.Release.Build.0 = Release|Win32
		{147F7B68-AC15-4C75-A374-DAD72029BE2B}.Debug.ActiveCfg = Debug|Win32
		{147F7B68-AC15-4C75-A374-DAD72029BE2B}.Debug.Build.0 = Debug|Win32
		{147F7B68-AC15-4C75-A374-DAD72029BE2B}.Release.ActiveCfg = Release|Win32
		{147F7B68-AC15-4C75-A374-DAD72029BE2B}.Release.Build.0 = Release|Win32
		{147F7B68-AC15-4C75-A374-DAD72029BE2C}.Debug.ActiveCfg = Debug|Win32
		{147F7B68-AC15-4C75-A374-DAD72029BE2C}.Debug.Build.0 = Debug|Win32
		{147F7B68-AC15-4C75-A374-DAD72029BE2C}.Release.ActiveCfg = Release|Win32
		{147F7B68-AC15-4C75-A374-DAD72029BE2C}.Release.Build.0 = Release|Win32
		{147F7B68-AC15-4C75-A374-DAD72029BE2D}.Debug.ActiveCfg = Debug|Win32
		{147F7B68-AC15-4C75-A374-DAD72029BE2D}.Debug.Build.0 = Debug|Win32
		{147F7B68-AC15-4C75-A374-DAD72029BE2D}.Release.ActiveCfg = Release|Win32
		{147F7B68-AC15-4C75-A374-DAD72029BE2D}.Release.Build.0 = Release|Win32
		{147F7B68-AC15-4C75-A374-DAD72029BE2E}.Debug.ActiveCfg = Debug|Win32
		{147F7B68-AC15-4C75-A374-DAD72029BE2E}.Debug.Build.0 = Debug|Win32
		{147F7B68-AC15-4C75-A374-DAD72029BE2E}.Release.ActiveCfg = Release|Win32
		{147F7B68-AC15-4C75-A374-DAD72029BE2E}.Release.Build.0 = Release|Win32
		{147F7B68-AC15-4C75-A374-DAD72029BE2F}.Debug.ActiveCfg = Debug|Win32
		{147F7B68-AC15-4C75-A374-DAD72029BE2F}.Debug.Build.0 = Debug|Win32
		{147F7B68-AC15-4C75-A374-DAD72029BE2F}.Release.ActiveCfg = Release|Win32
		{147F7B68-AC15-4C75-A374-DAD72029BE2F}.Release.Build.0 = Release|Win32
		{147F7B68-AC15-4C75-A374-DAD72029BE30}.Debug.ActiveCfg = Debug|Win32
		{147F7B68-AC15-4C75-A374-DAD72029BE30}.Debug.Build.0 = Debug|Win32
		{147F7B68-AC15-4C75-A374-DAD72029BE30}.Release.ActiveCfg = Release|Win32
		{147F7B68-AC15-4C75-A374-DAD72029BE30}.Release.Build.0 = Release|Win32
		{6931C144-60EB-4B95-93BC-936DABB5FCF1}.Debug.ActiveCfg = Debug|Win32
		{6931C144-60EB-4B95-93BC-936DABB5FCF1}.Debug.Build.0 = Debug|Win32
		{6931C144-60EB-4B95-93BC-936DABB5FCF1}.Release.ActiveCfg = Release|Win32
		{6931C144-60EB-4B95-93BC-936DABB5FCF1}.Release.Build.0 = Release|Win32
		{2C9E3856-1E22-4285-A1EA-90D55E852975}.Debug.ActiveCfg = Debug|Win32
		{2C9E3856-1E22-4285-A1EA-90D55E852975}.Debug.Build.0 = Debug|Win32
		{2C9E3856-1E22-4285-A1EA-90D55E852975}.Release.ActiveCfg = Release|Win32
		{2C9E3856-1E22-4285-A1EA-90D55E852975}.Release.Build.0 = Release|Win32
		{6A765FF2-B8B5-4376-91B0-80CE4999A9B8}.Debug.ActiveCfg = Debug|Win32
		{6A765FF2-B8B5-4376-91B0-80CE4999A9B8}.Debug.Build.0 = Debug|Win32
		{6A765FF2-B8B5-4376-91B0-80CE4999A9B8}.Release.ActiveCfg = Release|Win32
		{6A765FF2-B8B5-4376-91B0-80CE4999A9B8}.Release.Build.0 = Release|Win32
		{EF034569-00EB-458E-809F-CE7715C5B07C}.Debug.ActiveCfg = Debug|Win32
		{EF034569-00EB-458E-809F-CE7715C5B07C}.Debug.Build.0 = Debug|Win32
		{EF034569-00EB-458E-809F-CE7715C5B07C}.Release.ActiveCfg = Release|Win32
		{EF034569-00EB-458E-809F-CE7715C5B07C}.Release.Build.0 = Release|Win32
	EndGlobalSection
	GlobalSection(ExtensibilityGlobals) = postSolution
	EndGlobalSection
	GlobalSection(ExtensibilityAddIns) = postSolution
	EndGlobalSection
EndGlobal
